
Microsoft Visual Studio Solution File, Format Version 10.00
# Visual Studio 2008
Project("{FAE04EC0-301F-11D3-BF4B-00C04F79EFBC}") = "JohnSands.QuickBase", "JohnSands.QuickBase\JohnSands.QuickBase.csproj", "{7FF888DE-A3BB-4887-A239-40FAFAF9885D}"
EndProject
Global
	GlobalSection(SolutionConfigurationPlatforms) = preSolution
		Debug|Any CPU = Debug|Any CPU
		Release|Any CPU = Release|Any CPU
	EndGlobalSection
	GlobalSection(ProjectConfigurationPlatforms) = postSolution
		{7FF888DE-A3BB-4887-A239-40FAFAF9885D}.Debug|Any CPU.ActiveCfg = Debug|Any CPU
		{7FF888DE-A3BB-4887-A239-40FAFAF9885D}.Debug|Any CPU.Build.0 = Debug|Any CPU
		{7FF888DE-A3BB-4887-A239-40FAFAF9885D}.Release|Any CPU.ActiveCfg = Release|Any CPU
		{7FF888DE-A3BB-4887-A239-40FAFAF9885D}.Release|Any CPU.Build.0 = Release|Any CPU
	EndGlobalSection
	GlobalSection(SolutionProperties) = preSolution
		HideSolutionNode = FALSE
	EndGlobalSection
EndGlobal
